
Microsoft Visual Studio Solution File, Format Version 12.00
# Visual Studio Version 16
VisualStudioVersion = 16.0.30225.117
MinimumVisualStudioVersion = 10.0.40219.1
Project("{FAE04EC0-301F-11D3-BF4B-00C04F79EFBC}") = "SpliceMachine.Connection", "SpliceMachine.Connection\SpliceMachine.Connection.csproj", "{0FE82B56-D2CE-4EA9-8660-234280531B5E}"
EndProject
Project("{9A19103F-16F7-4668-BE54-9A1E7A4F7556}") = "SpliceMachine.Drda", "SpliceMachine.Drda\SpliceMachine.Drda.csproj", "{3B2486DD-C2BD-4009-8409-EBF01D7E5D55}"
EndProject
Project("{FAE04EC0-301F-11D3-BF4B-00C04F79EFBC}") = "SpliceMachine.Provider", "SpliceMachine.Provider\SpliceMachine.Provider.csproj", "{5E07D025-6D26-4B2A-8740-F7530F414A31}"
EndProject
Global
	GlobalSection(SolutionConfigurationPlatforms) = preSolution
		Debug|Any CPU = Debug|Any CPU
		Release|Any CPU = Release|Any CPU
	EndGlobalSection
	GlobalSection(ProjectConfigurationPlatforms) = postSolution
		{0FE82B56-D2CE-4EA9-8660-234280531B5E}.Debug|Any CPU.ActiveCfg = Debug|Any CPU
		{0FE82B56-D2CE-4EA9-8660-234280531B5E}.Debug|Any CPU.Build.0 = Debug|Any CPU
		{0FE82B56-D2CE-4EA9-8660-234280531B5E}.Release|Any CPU.ActiveCfg = Release|Any CPU
		{0FE82B56-D2CE-4EA9-8660-234280531B5E}.Release|Any CPU.Build.0 = Release|Any CPU
		{3B2486DD-C2BD-4009-8409-EBF01D7E5D55}.Debug|Any CPU.ActiveCfg = Debug|Any CPU
		{3B2486DD-C2BD-4009-8409-EBF01D7E5D55}.Debug|Any CPU.Build.0 = Debug|Any CPU
		{3B2486DD-C2BD-4009-8409-EBF01D7E5D55}.Release|Any CPU.ActiveCfg = Release|Any CPU
		{3B2486DD-C2BD-4009-8409-EBF01D7E5D55}.Release|Any CPU.Build.0 = Release|Any CPU
		{5E07D025-6D26-4B2A-8740-F7530F414A31}.Debug|Any CPU.ActiveCfg = Debug|Any CPU
		{5E07D025-6D26-4B2A-8740-F7530F414A31}.Debug|Any CPU.Build.0 = Debug|Any CPU
		{5E07D025-6D26-4B2A-8740-F7530F414A31}.Release|Any CPU.ActiveCfg = Release|Any CPU
		{5E07D025-6D26-4B2A-8740-F7530F414A31}.Release|Any CPU.Build.0 = Release|Any CPU
	EndGlobalSection
	GlobalSection(SolutionProperties) = preSolution
		HideSolutionNode = FALSE
	EndGlobalSection
	GlobalSection(ExtensibilityGlobals) = postSolution
		SolutionGuid = {41CC32E9-CE42-4562-A3C8-7B9C2DC898B8}
	EndGlobalSection
EndGlobal
